{
  "requires": true,
  "lockfileVersion": 1,
  "dependencies": {
    "angular2-image-gallery": {
      "version": "8.0.0",
      "resolved": "https://registry.npmjs.org/angular2-image-gallery/-/angular2-image-gallery-8.0.0.tgz",
      "integrity": "sha512-eaMt9ynGNKxuQjJc0OvZxzwDPCXSLLGvNYBBLbT6eMzRgZA40dCXXTtWMGpb71HpI78aaOxZfXlVuv4qXYga7w==",
      "requires": {
        "tslib": "^1.9.0"
      }
    },
    "font-awesome": {
      "version": "4.7.0",
      "resolved": "https://registry.npmjs.org/font-awesome/-/font-awesome-4.7.0.tgz",
      "integrity": "sha1-j6jPBBGhoxr9B7BtKQK7n8gVoTM="
    },
    "hammerjs": {
      "version": "2.0.8",
      "resolved": "https://registry.npmjs.org/hammerjs/-/hammerjs-2.0.8.tgz",
      "integrity": "sha1-BO93hiz/K7edMPdpIJWTAiK/YPE="
    },
    "tslib": {
      "version": "1.10.0",
      "resolved": "https://registry.npmjs.org/tslib/-/tslib-1.10.0.tgz",
      "integrity": "sha512-qOebF53frne81cf0S9B41ByenJ3/IuH8yJKngAX35CmiZySA0khhkovshKK+jGCaMnVomla7gVlIcc3EvKPbTQ=="
    }
  }
}
